// !$*UTF8*$!
{
	archiveVersion = 1;
	classes = {
	};
	objectVersion = 56;
	objects = {

/* Begin PBXBuildFile section */
		16168E342BE0C36300874AC2 /* SwiftStudent.swift in Sources */ = {isa = PBXBuildFile; fileRef = 16168E332BE0C36200874AC2 /* SwiftStudent.swift */; };
		16168E362BE0C36A00874AC2 /* RealmStudent.swift in Sources */ = {isa = PBXBuildFile; fileRef = 16168E352BE0C36A00874AC2 /* RealmStudent.swift */; };
		16168E3A2BE0C3ED00874AC2 /* SwiftStudentDB.swift in Sources */ = {isa = PBXBuildFile; fileRef = 16168E392BE0C3ED00874AC2 /* SwiftStudentDB.swift */; };
		16168E3E2BE0C70800874AC2 /* RealmStudentDB.swift in Sources */ = {isa = PBXBuildFile; fileRef = 16168E3D2BE0C70800874AC2 /* RealmStudentDB.swift */; };
		167973CB2BC804B9002FE4D9 /* RealmVsSwiftDataApp.swift in Sources */ = {isa = PBXBuildFile; fileRef = 167973CA2BC804B9002FE4D9 /* RealmVsSwiftDataApp.swift */; };
		167973D12BC804BA002FE4D9 /* Assets.xcassets in Resources */ = {isa = PBXBuildFile; fileRef = 167973D02BC804BA002FE4D9 /* Assets.xcassets */; };
		167973D42BC804BA002FE4D9 /* Preview Assets.xcassets in Resources */ = {isa = PBXBuildFile; fileRef = 167973D32BC804BA002FE4D9 /* Preview Assets.xcassets */; };
		167973DC2BC8057C002FE4D9 /* RealmSwift in Frameworks */ = {isa = PBXBuildFile; productRef = 167973DB2BC8057C002FE4D9 /* RealmSwift */; };
		167973E32BC805D6002FE4D9 /* Database.swift in Sources */ = {isa = PBXBuildFile; fileRef = 167973E22BC805D6002FE4D9 /* Database.swift */; };
		167973E72BC805E0002FE4D9 /* SwiftDatabase.swift in Sources */ = {isa = PBXBuildFile; fileRef = 167973E42BC805E0002FE4D9 /* SwiftDatabase.swift */; };
		167973E82BC805E0002FE4D9 /* SwiftUserDB.swift in Sources */ = {isa = PBXBuildFile; fileRef = 167973E52BC805E0002FE4D9 /* SwiftUserDB.swift */; };
		167973E92BC805E0002FE4D9 /* SwiftUser.swift in Sources */ = {isa = PBXBuildFile; fileRef = 167973E62BC805E0002FE4D9 /* SwiftUser.swift */; };
		167973ED2BC805E4002FE4D9 /* RelamDatabase.swift in Sources */ = {isa = PBXBuildFile; fileRef = 167973EA2BC805E4002FE4D9 /* RelamDatabase.swift */; };
		167973EE2BC805E4002FE4D9 /* RealmUser.swift in Sources */ = {isa = PBXBuildFile; fileRef = 167973EB2BC805E4002FE4D9 /* RealmUser.swift */; };
		167973EF2BC805E4002FE4D9 /* RealmUserDB.swift in Sources */ = {isa = PBXBuildFile; fileRef = 167973EC2BC805E4002FE4D9 /* RealmUserDB.swift */; };
		167973F22BC805FA002FE4D9 /* TestUtils.swift in Sources */ = {isa = PBXBuildFile; fileRef = 167973F12BC805FA002FE4D9 /* TestUtils.swift */; };
		167973F62BC8060C002FE4D9 /* ContentView.swift in Sources */ = {isa = PBXBuildFile; fileRef = 167973F42BC8060C002FE4D9 /* ContentView.swift */; };
		167973F72BC8060C002FE4D9 /* ContentViewModel.swift in Sources */ = {isa = PBXBuildFile; fileRef = 167973F52BC8060C002FE4D9 /* ContentViewModel.swift */; };
		167973FB2BC8063F002FE4D9 /* FirstNames.swift in Sources */ = {isa = PBXBuildFile; fileRef = 167973F92BC8063F002FE4D9 /* FirstNames.swift */; };
		167973FC2BC8063F002FE4D9 /* Surnames.swift in Sources */ = {isa = PBXBuildFile; fileRef = 167973FA2BC8063F002FE4D9 /* Surnames.swift */; };
		16A41ED32BE38F3A00C62A21 /* SchoolNames.swift in Sources */ = {isa = PBXBuildFile; fileRef = 16A41ED22BE38F3A00C62A21 /* SchoolNames.swift */; };
		16A41ED52BE38F6600C62A21 /* SchoolLocations.swift in Sources */ = {isa = PBXBuildFile; fileRef = 16A41ED42BE38F6600C62A21 /* SchoolLocations.swift */; };
		16A41ED72BE3A7C400C62A21 /* RealmUsersTests.swift in Sources */ = {isa = PBXBuildFile; fileRef = 16A41ED62BE3A7C400C62A21 /* RealmUsersTests.swift */; };
		16A41EDB2BE3A7DE00C62A21 /* SwiftStudentsTests.swift in Sources */ = {isa = PBXBuildFile; fileRef = 16A41ED82BE3A7DE00C62A21 /* SwiftStudentsTests.swift */; };
		16A41EDC2BE3A7DE00C62A21 /* RealmStudentsTests.swift in Sources */ = {isa = PBXBuildFile; fileRef = 16A41ED92BE3A7DE00C62A21 /* RealmStudentsTests.swift */; };
		16A41EDD2BE3A7DE00C62A21 /* SwiftUsersTests.swift in Sources */ = {isa = PBXBuildFile; fileRef = 16A41EDA2BE3A7DE00C62A21 /* SwiftUsersTests.swift */; };
		E82FB4D82C2C50D7000E0FCC /* CoreStudentsTests.swift in Sources */ = {isa = PBXBuildFile; fileRef = E82FB4D62C2C50D7000E0FCC /* CoreStudentsTests.swift */; };
		E82FB4D92C2C50D7000E0FCC /* CoreUsersTests.swift in Sources */ = {isa = PBXBuildFile; fileRef = E82FB4D72C2C50D7000E0FCC /* CoreUsersTests.swift */; };
		E82FB4E22C2C50E7000E0FCC /* CoreUser.swift in Sources */ = {isa = PBXBuildFile; fileRef = E82FB4DD2C2C50E7000E0FCC /* CoreUser.swift */; };
		E82FB4E32C2C50E7000E0FCC /* CoreStudentDB.swift in Sources */ = {isa = PBXBuildFile; fileRef = E82FB4DB2C2C50E7000E0FCC /* CoreStudentDB.swift */; };
		E82FB4E42C2C50E7000E0FCC /* CoreDatabase.swift in Sources */ = {isa = PBXBuildFile; fileRef = E82FB4E02C2C50E7000E0FCC /* CoreDatabase.swift */; };
		E82FB4E52C2C50E7000E0FCC /* CoreStudent.swift in Sources */ = {isa = PBXBuildFile; fileRef = E82FB4DA2C2C50E7000E0FCC /* CoreStudent.swift */; };
		E82FB4E62C2C50E7000E0FCC /* CoreUserDB.swift in Sources */ = {isa = PBXBuildFile; fileRef = E82FB4DE2C2C50E7000E0FCC /* CoreUserDB.swift */; };
		E82FB4EA2C2C537B000E0FCC /* ManagedModels in Frameworks */ = {isa = PBXBuildFile; productRef = E82FB4E92C2C537B000E0FCC /* ManagedModels */; };
/* End PBXBuildFile section */

/* Begin PBXFileReference section */
		16168E332BE0C36200874AC2 /* SwiftStudent.swift */ = {isa = PBXFileReference; lastKnownFileType = sourcecode.swift; path = SwiftStudent.swift; sourceTree = "<group>"; };
		16168E352BE0C36A00874AC2 /* RealmStudent.swift */ = {isa = PBXFileReference; lastKnownFileType = sourcecode.swift; path = RealmStudent.swift; sourceTree = "<group>"; };
		16168E392BE0C3ED00874AC2 /* SwiftStudentDB.swift */ = {isa = PBXFileReference; lastKnownFileType = sourcecode.swift; path = SwiftStudentDB.swift; sourceTree = "<group>"; };
		16168E3D2BE0C70800874AC2 /* RealmStudentDB.swift */ = {isa = PBXFileReference; lastKnownFileType = sourcecode.swift; path = RealmStudentDB.swift; sourceTree = "<group>"; };
		167973C72BC804B9002FE4D9 /* RealmVsSwiftData.app */ = {isa = PBXFileReference; explicitFileType = wrapper.application; includeInIndex = 0; path = RealmVsSwiftData.app; sourceTree = BUILT_PRODUCTS_DIR; };
		167973CA2BC804B9002FE4D9 /* RealmVsSwiftDataApp.swift */ = {isa = PBXFileReference; lastKnownFileType = sourcecode.swift; path = RealmVsSwiftDataApp.swift; sourceTree = "<group>"; };
		167973D02BC804BA002FE4D9 /* Assets.xcassets */ = {isa = PBXFileReference; lastKnownFileType = folder.assetcatalog; path = Assets.xcassets; sourceTree = "<group>"; };
		167973D32BC804BA002FE4D9 /* Preview Assets.xcassets */ = {isa = PBXFileReference; lastKnownFileType = folder.assetcatalog; path = "Preview Assets.xcassets"; sourceTree = "<group>"; };
		167973E22BC805D6002FE4D9 /* Database.swift */ = {isa = PBXFileReference; fileEncoding = 4; lastKnownFileType = sourcecode.swift; path = Database.swift; sourceTree = "<group>"; };
		167973E42BC805E0002FE4D9 /* SwiftDatabase.swift */ = {isa = PBXFileReference; fileEncoding = 4; lastKnownFileType = sourcecode.swift; path = SwiftDatabase.swift; sourceTree = "<group>"; };
		167973E52BC805E0002FE4D9 /* SwiftUserDB.swift */ = {isa = PBXFileReference; fileEncoding = 4; lastKnownFileType = sourcecode.swift; path = SwiftUserDB.swift; sourceTree = "<group>"; };
		167973E62BC805E0002FE4D9 /* SwiftUser.swift */ = {isa = PBXFileReference; fileEncoding = 4; lastKnownFileType = sourcecode.swift; path = SwiftUser.swift; sourceTree = "<group>"; };
		167973EA2BC805E4002FE4D9 /* RelamDatabase.swift */ = {isa = PBXFileReference; fileEncoding = 4; lastKnownFileType = sourcecode.swift; path = RelamDatabase.swift; sourceTree = "<group>"; };
		167973EB2BC805E4002FE4D9 /* RealmUser.swift */ = {isa = PBXFileReference; fileEncoding = 4; lastKnownFileType = sourcecode.swift; path = RealmUser.swift; sourceTree = "<group>"; };
		167973EC2BC805E4002FE4D9 /* RealmUserDB.swift */ = {isa = PBXFileReference; fileEncoding = 4; lastKnownFileType = sourcecode.swift; path = RealmUserDB.swift; sourceTree = "<group>"; };
		167973F12BC805FA002FE4D9 /* TestUtils.swift */ = {isa = PBXFileReference; fileEncoding = 4; lastKnownFileType = sourcecode.swift; path = TestUtils.swift; sourceTree = "<group>"; };
		167973F42BC8060C002FE4D9 /* ContentView.swift */ = {isa = PBXFileReference; fileEncoding = 4; lastKnownFileType = sourcecode.swift; path = ContentView.swift; sourceTree = "<group>"; };
		167973F52BC8060C002FE4D9 /* ContentViewModel.swift */ = {isa = PBXFileReference; fileEncoding = 4; lastKnownFileType = sourcecode.swift; path = ContentViewModel.swift; sourceTree = "<group>"; };
		167973F92BC8063F002FE4D9 /* FirstNames.swift */ = {isa = PBXFileReference; fileEncoding = 4; lastKnownFileType = sourcecode.swift; path = FirstNames.swift; sourceTree = "<group>"; };
		167973FA2BC8063F002FE4D9 /* Surnames.swift */ = {isa = PBXFileReference; fileEncoding = 4; lastKnownFileType = sourcecode.swift; path = Surnames.swift; sourceTree = "<group>"; };
		16A41ED22BE38F3A00C62A21 /* SchoolNames.swift */ = {isa = PBXFileReference; lastKnownFileType = sourcecode.swift; path = SchoolNames.swift; sourceTree = "<group>"; };
		16A41ED42BE38F6600C62A21 /* SchoolLocations.swift */ = {isa = PBXFileReference; lastKnownFileType = sourcecode.swift; path = SchoolLocations.swift; sourceTree = "<group>"; };
		16A41ED62BE3A7C400C62A21 /* RealmUsersTests.swift */ = {isa = PBXFileReference; lastKnownFileType = sourcecode.swift; path = RealmUsersTests.swift; sourceTree = "<group>"; };
		16A41ED82BE3A7DE00C62A21 /* SwiftStudentsTests.swift */ = {isa = PBXFileReference; fileEncoding = 4; lastKnownFileType = sourcecode.swift; path = SwiftStudentsTests.swift; sourceTree = "<group>"; };
		16A41ED92BE3A7DE00C62A21 /* RealmStudentsTests.swift */ = {isa = PBXFileReference; fileEncoding = 4; lastKnownFileType = sourcecode.swift; path = RealmStudentsTests.swift; sourceTree = "<group>"; };
		16A41EDA2BE3A7DE00C62A21 /* SwiftUsersTests.swift */ = {isa = PBXFileReference; fileEncoding = 4; lastKnownFileType = sourcecode.swift; path = SwiftUsersTests.swift; sourceTree = "<group>"; };
		E82FB4D62C2C50D7000E0FCC /* CoreStudentsTests.swift */ = {isa = PBXFileReference; lastKnownFileType = sourcecode.swift; path = CoreStudentsTests.swift; sourceTree = "<group>"; };
		E82FB4D72C2C50D7000E0FCC /* CoreUsersTests.swift */ = {isa = PBXFileReference; lastKnownFileType = sourcecode.swift; path = CoreUsersTests.swift; sourceTree = "<group>"; };
		E82FB4DA2C2C50E7000E0FCC /* CoreStudent.swift */ = {isa = PBXFileReference; lastKnownFileType = sourcecode.swift; path = CoreStudent.swift; sourceTree = "<group>"; };
		E82FB4DB2C2C50E7000E0FCC /* CoreStudentDB.swift */ = {isa = PBXFileReference; lastKnownFileType = sourcecode.swift; path = CoreStudentDB.swift; sourceTree = "<group>"; };
		E82FB4DD2C2C50E7000E0FCC /* CoreUser.swift */ = {isa = PBXFileReference; lastKnownFileType = sourcecode.swift; path = CoreUser.swift; sourceTree = "<group>"; };
		E82FB4DE2C2C50E7000E0FCC /* CoreUserDB.swift */ = {isa = PBXFileReference; lastKnownFileType = sourcecode.swift; path = CoreUserDB.swift; sourceTree = "<group>"; };
		E82FB4E02C2C50E7000E0FCC /* CoreDatabase.swift */ = {isa = PBXFileReference; lastKnownFileType = sourcecode.swift; path = CoreDatabase.swift; sourceTree = "<group>"; };
		E82FB4E72C2C5155000E0FCC /* README.md */ = {isa = PBXFileReference; lastKnownFileType = net.daringfireball.markdown; path = README.md; sourceTree = "<group>"; };
/* End PBXFileReference section */

/* Begin PBXFrameworksBuildPhase section */
		167973C42BC804B9002FE4D9 /* Frameworks */ = {
			isa = PBXFrameworksBuildPhase;
			buildActionMask = 2147483647;
			files = (
				E82FB4EA2C2C537B000E0FCC /* ManagedModels in Frameworks */,
				167973DC2BC8057C002FE4D9 /* RealmSwift in Frameworks */,
			);
			runOnlyForDeploymentPostprocessing = 0;
		};
/* End PBXFrameworksBuildPhase section */

/* Begin PBXGroup section */
		16168E372BE0C3D900874AC2 /* Users */ = {
			isa = PBXGroup;
			children = (
				167973E62BC805E0002FE4D9 /* SwiftUser.swift */,
				167973E52BC805E0002FE4D9 /* SwiftUserDB.swift */,
			);
			path = Users;
			sourceTree = "<group>";
		};
		16168E382BE0C3DD00874AC2 /* Students */ = {
			isa = PBXGroup;
			children = (
				16168E332BE0C36200874AC2 /* SwiftStudent.swift */,
				16168E392BE0C3ED00874AC2 /* SwiftStudentDB.swift */,
			);
			path = Students;
			sourceTree = "<group>";
		};
		16168E3B2BE0C3F000874AC2 /* Users */ = {
			isa = PBXGroup;
			children = (
				167973EB2BC805E4002FE4D9 /* RealmUser.swift */,
				167973EC2BC805E4002FE4D9 /* RealmUserDB.swift */,
			);
			path = Users;
			sourceTree = "<group>";
		};
		16168E3C2BE0C3F300874AC2 /* Students */ = {
			isa = PBXGroup;
			children = (
				16168E352BE0C36A00874AC2 /* RealmStudent.swift */,
				16168E3D2BE0C70800874AC2 /* RealmStudentDB.swift */,
			);
			path = Students;
			sourceTree = "<group>";
		};
		167973BE2BC804B9002FE4D9 = {
			isa = PBXGroup;
			children = (
				E82FB4E72C2C5155000E0FCC /* README.md */,
				167973C92BC804B9002FE4D9 /* RealmVsSwiftData */,
				167973C82BC804B9002FE4D9 /* Products */,
			);
			indentWidth = 4;
			sourceTree = "<group>";
		};
		167973C82BC804B9002FE4D9 /* Products */ = {
			isa = PBXGroup;
			children = (
				167973C72BC804B9002FE4D9 /* RealmVsSwiftData.app */,
			);
			name = Products;
			sourceTree = "<group>";
		};
		167973C92BC804B9002FE4D9 /* RealmVsSwiftData */ = {
			isa = PBXGroup;
			children = (
				167973F82BC80631002FE4D9 /* Resources */,
				167973F32BC805FF002FE4D9 /* View */,
				167973F02BC805EB002FE4D9 /* PerformanceTesting */,
				167973DF2BC805A1002FE4D9 /* DB */,
				167973CA2BC804B9002FE4D9 /* RealmVsSwiftDataApp.swift */,
				167973D02BC804BA002FE4D9 /* Assets.xcassets */,
				167973D22BC804BA002FE4D9 /* Preview Content */,
			);
			path = RealmVsSwiftData;
			sourceTree = "<group>";
		};
		167973D22BC804BA002FE4D9 /* Preview Content */ = {
			isa = PBXGroup;
			children = (
				167973D32BC804BA002FE4D9 /* Preview Assets.xcassets */,
			);
			path = "Preview Content";
			sourceTree = "<group>";
		};
		167973DF2BC805A1002FE4D9 /* DB */ = {
			isa = PBXGroup;
			children = (
				167973E22BC805D6002FE4D9 /* Database.swift */,
				167973E12BC805B7002FE4D9 /* SwiftData */,
				167973E02BC805B3002FE4D9 /* Realm */,
				E82FB4E12C2C50E7000E0FCC /* CoreData */,
			);
			path = DB;
			sourceTree = "<group>";
		};
		167973E02BC805B3002FE4D9 /* Realm */ = {
			isa = PBXGroup;
			children = (
				16168E3C2BE0C3F300874AC2 /* Students */,
				16168E3B2BE0C3F000874AC2 /* Users */,
				167973EA2BC805E4002FE4D9 /* RelamDatabase.swift */,
			);
			path = Realm;
			sourceTree = "<group>";
		};
		167973E12BC805B7002FE4D9 /* SwiftData */ = {
			isa = PBXGroup;
			children = (
				16168E382BE0C3DD00874AC2 /* Students */,
				16168E372BE0C3D900874AC2 /* Users */,
				167973E42BC805E0002FE4D9 /* SwiftDatabase.swift */,
			);
			path = SwiftData;
			sourceTree = "<group>";
		};
		167973F02BC805EB002FE4D9 /* PerformanceTesting */ = {
			isa = PBXGroup;
			children = (
				167973F12BC805FA002FE4D9 /* TestUtils.swift */,
				16A41ED62BE3A7C400C62A21 /* RealmUsersTests.swift */,
				16A41ED92BE3A7DE00C62A21 /* RealmStudentsTests.swift */,
				16A41ED82BE3A7DE00C62A21 /* SwiftStudentsTests.swift */,
				16A41EDA2BE3A7DE00C62A21 /* SwiftUsersTests.swift */,
				E82FB4D62C2C50D7000E0FCC /* CoreStudentsTests.swift */,
				E82FB4D72C2C50D7000E0FCC /* CoreUsersTests.swift */,
			);
			path = PerformanceTesting;
			sourceTree = "<group>";
		};
		167973F32BC805FF002FE4D9 /* View */ = {
			isa = PBXGroup;
			children = (
				167973F42BC8060C002FE4D9 /* ContentView.swift */,
				167973F52BC8060C002FE4D9 /* ContentViewModel.swift */,
			);
			path = View;
			sourceTree = "<group>";
		};
		167973F82BC80631002FE4D9 /* Resources */ = {
			isa = PBXGroup;
			children = (
				167973F92BC8063F002FE4D9 /* FirstNames.swift */,
				16A41ED42BE38F6600C62A21 /* SchoolLocations.swift */,
				167973FA2BC8063F002FE4D9 /* Surnames.swift */,
				16A41ED22BE38F3A00C62A21 /* SchoolNames.swift */,
			);
			path = Resources;
			sourceTree = "<group>";
		};
		E82FB4DC2C2C50E7000E0FCC /* Students */ = {
			isa = PBXGroup;
			children = (
				E82FB4DA2C2C50E7000E0FCC /* CoreStudent.swift */,
				E82FB4DB2C2C50E7000E0FCC /* CoreStudentDB.swift */,
			);
			path = Students;
			sourceTree = "<group>";
		};
		E82FB4DF2C2C50E7000E0FCC /* Users */ = {
			isa = PBXGroup;
			children = (
				E82FB4DD2C2C50E7000E0FCC /* CoreUser.swift */,
				E82FB4DE2C2C50E7000E0FCC /* CoreUserDB.swift */,
			);
			path = Users;
			sourceTree = "<group>";
		};
		E82FB4E12C2C50E7000E0FCC /* CoreData */ = {
			isa = PBXGroup;
			children = (
				E82FB4DC2C2C50E7000E0FCC /* Students */,
				E82FB4DF2C2C50E7000E0FCC /* Users */,
				E82FB4E02C2C50E7000E0FCC /* CoreDatabase.swift */,
			);
			path = CoreData;
			sourceTree = "<group>";
		};
/* End PBXGroup section */

/* Begin PBXNativeTarget section */
		167973C62BC804B9002FE4D9 /* RealmVsSwiftData */ = {
			isa = PBXNativeTarget;
			buildConfigurationList = 167973D72BC804BA002FE4D9 /* Build configuration list for PBXNativeTarget "RealmVsSwiftData" */;
			buildPhases = (
				167973C32BC804B9002FE4D9 /* Sources */,
				167973C42BC804B9002FE4D9 /* Frameworks */,
				167973C52BC804B9002FE4D9 /* Resources */,
			);
			buildRules = (
			);
			dependencies = (
			);
			name = RealmVsSwiftData;
			packageProductDependencies = (
				167973DB2BC8057C002FE4D9 /* RealmSwift */,
				E82FB4E92C2C537B000E0FCC /* ManagedModels */,
			);
			productName = RealmVsSwiftData;
			productReference = 167973C72BC804B9002FE4D9 /* RealmVsSwiftData.app */;
			productType = "com.apple.product-type.application";
		};
/* End PBXNativeTarget section */

/* Begin PBXProject section */
		167973BF2BC804B9002FE4D9 /* Project object */ = {
			isa = PBXProject;
			attributes = {
				BuildIndependentTargetsInParallel = 1;
				LastSwiftUpdateCheck = 1520;
				LastUpgradeCheck = 1520;
				TargetAttributes = {
					167973C62BC804B9002FE4D9 = {
						CreatedOnToolsVersion = 15.2;
					};
				};
			};
			buildConfigurationList = 167973C22BC804B9002FE4D9 /* Build configuration list for PBXProject "RealmVsSwiftData" */;
			compatibilityVersion = "Xcode 14.0";
			developmentRegion = en;
			hasScannedForEncodings = 0;
			knownRegions = (
				en,
				Base,
			);
			mainGroup = 167973BE2BC804B9002FE4D9;
			packageReferences = (
				167973DA2BC8057B002FE4D9 /* XCRemoteSwiftPackageReference "realm-swift" */,
				E82FB4E82C2C537B000E0FCC /* XCRemoteSwiftPackageReference "ManagedModels" */,
			);
			productRefGroup = 167973C82BC804B9002FE4D9 /* Products */;
			projectDirPath = "";
			projectRoot = "";
			targets = (
				167973C62BC804B9002FE4D9 /* RealmVsSwiftData */,
			);
		};
/* End PBXProject section */

/* Begin PBXResourcesBuildPhase section */
		167973C52BC804B9002FE4D9 /* Resources */ = {
			isa = PBXResourcesBuildPhase;
			buildActionMask = 2147483647;
			files = (
				167973D42BC804BA002FE4D9 /* Preview Assets.xcassets in Resources */,
				167973D12BC804BA002FE4D9 /* Assets.xcassets in Resources */,
			);
			runOnlyForDeploymentPostprocessing = 0;
		};
/* End PBXResourcesBuildPhase section */

/* Begin PBXSourcesBuildPhase section */
		167973C32BC804B9002FE4D9 /* Sources */ = {
			isa = PBXSourcesBuildPhase;
			buildActionMask = 2147483647;
			files = (
				167973F72BC8060C002FE4D9 /* ContentViewModel.swift in Sources */,
				167973F62BC8060C002FE4D9 /* ContentView.swift in Sources */,
				167973E82BC805E0002FE4D9 /* SwiftUserDB.swift in Sources */,
				16A41EDB2BE3A7DE00C62A21 /* SwiftStudentsTests.swift in Sources */,
				16168E3E2BE0C70800874AC2 /* RealmStudentDB.swift in Sources */,
				16A41EDC2BE3A7DE00C62A21 /* RealmStudentsTests.swift in Sources */,
				167973E92BC805E0002FE4D9 /* SwiftUser.swift in Sources */,
				16A41ED52BE38F6600C62A21 /* SchoolLocations.swift in Sources */,
				167973E72BC805E0002FE4D9 /* SwiftDatabase.swift in Sources */,
				E82FB4E22C2C50E7000E0FCC /* CoreUser.swift in Sources */,
				E82FB4E32C2C50E7000E0FCC /* CoreStudentDB.swift in Sources */,
				E82FB4E42C2C50E7000E0FCC /* CoreDatabase.swift in Sources */,
				E82FB4E52C2C50E7000E0FCC /* CoreStudent.swift in Sources */,
				E82FB4E62C2C50E7000E0FCC /* CoreUserDB.swift in Sources */,
				16A41ED32BE38F3A00C62A21 /* SchoolNames.swift in Sources */,
				16168E342BE0C36300874AC2 /* SwiftStudent.swift in Sources */,
				167973FB2BC8063F002FE4D9 /* FirstNames.swift in Sources */,
				167973EE2BC805E4002FE4D9 /* RealmUser.swift in Sources */,
				167973E32BC805D6002FE4D9 /* Database.swift in Sources */,
				16168E3A2BE0C3ED00874AC2 /* SwiftStudentDB.swift in Sources */,
				167973CB2BC804B9002FE4D9 /* RealmVsSwiftDataApp.swift in Sources */,
				167973F22BC805FA002FE4D9 /* TestUtils.swift in Sources */,
				167973FC2BC8063F002FE4D9 /* Surnames.swift in Sources */,
				16168E362BE0C36A00874AC2 /* RealmStudent.swift in Sources */,
				16A41EDD2BE3A7DE00C62A21 /* SwiftUsersTests.swift in Sources */,
				167973EF2BC805E4002FE4D9 /* RealmUserDB.swift in Sources */,
				E82FB4D82C2C50D7000E0FCC /* CoreStudentsTests.swift in Sources */,
				E82FB4D92C2C50D7000E0FCC /* CoreUsersTests.swift in Sources */,
				16A41ED72BE3A7C400C62A21 /* RealmUsersTests.swift in Sources */,
				167973ED2BC805E4002FE4D9 /* RelamDatabase.swift in Sources */,
			);
			runOnlyForDeploymentPostprocessing = 0;
		};
/* End PBXSourcesBuildPhase section */

/* Begin XCBuildConfiguration section */
		167973D52BC804BA002FE4D9 /* Debug */ = {
			isa = XCBuildConfiguration;
			buildSettings = {
				ALWAYS_SEARCH_USER_PATHS = NO;
				ASSETCATALOG_COMPILER_GENERATE_SWIFT_ASSET_SYMBOL_EXTENSIONS = YES;
				CLANG_ANALYZER_NONNULL = YES;
				CLANG_ANALYZER_NUMBER_OBJECT_CONVERSION = YES_AGGRESSIVE;
				CLANG_CXX_LANGUAGE_STANDARD = "gnu++20";
				CLANG_ENABLE_MODULES = YES;
				CLANG_ENABLE_OBJC_ARC = YES;
				CLANG_ENABLE_OBJC_WEAK = YES;
				CLANG_WARN_BLOCK_CAPTURE_AUTORELEASING = YES;
				CLANG_WARN_BOOL_CONVERSION = YES;
				CLANG_WARN_COMMA = YES;
				CLANG_WARN_CONSTANT_CONVERSION = YES;
				CLANG_WARN_DEPRECATED_OBJC_IMPLEMENTATIONS = YES;
				CLANG_WARN_DIRECT_OBJC_ISA_USAGE = YES_ERROR;
				CLANG_WARN_DOCUMENTATION_COMMENTS = YES;
				CLANG_WARN_EMPTY_BODY = YES;
				CLANG_WARN_ENUM_CONVERSION = YES;
				CLANG_WARN_INFINITE_RECURSION = YES;
				CLANG_WARN_INT_CONVERSION = YES;
				CLANG_WARN_NON_LITERAL_NULL_CONVERSION = YES;
				CLANG_WARN_OBJC_IMPLICIT_RETAIN_SELF = YES;
				CLANG_WARN_OBJC_LITERAL_CONVERSION = YES;
				CLANG_WARN_OBJC_ROOT_CLASS = YES_ERROR;
				CLANG_WARN_QUOTED_INCLUDE_IN_FRAMEWORK_HEADER = YES;
				CLANG_WARN_RANGE_LOOP_ANALYSIS = YES;
				CLANG_WARN_STRICT_PROTOTYPES = YES;
				CLANG_WARN_SUSPICIOUS_MOVE = YES;
				CLANG_WARN_UNGUARDED_AVAILABILITY = YES_AGGRESSIVE;
				CLANG_WARN_UNREACHABLE_CODE = YES;
				CLANG_WARN__DUPLICATE_METHOD_MATCH = YES;
				COPY_PHASE_STRIP = NO;
				DEBUG_INFORMATION_FORMAT = dwarf;
				ENABLE_STRICT_OBJC_MSGSEND = YES;
				ENABLE_TESTABILITY = YES;
				ENABLE_USER_SCRIPT_SANDBOXING = YES;
				GCC_C_LANGUAGE_STANDARD = gnu17;
				GCC_DYNAMIC_NO_PIC = NO;
				GCC_NO_COMMON_BLOCKS = YES;
				GCC_OPTIMIZATION_LEVEL = s;
				GCC_PREPROCESSOR_DEFINITIONS = (
					"DEBUG=1",
					"$(inherited)",
				);
				GCC_WARN_64_TO_32_BIT_CONVERSION = YES;
				GCC_WARN_ABOUT_RETURN_TYPE = YES_ERROR;
				GCC_WARN_UNDECLARED_SELECTOR = YES;
				GCC_WARN_UNINITIALIZED_AUTOS = YES_AGGRESSIVE;
				GCC_WARN_UNUSED_FUNCTION = YES;
				GCC_WARN_UNUSED_VARIABLE = YES;
				IPHONEOS_DEPLOYMENT_TARGET = 17.2;
				LOCALIZATION_PREFERS_STRING_CATALOGS = YES;
				MTL_ENABLE_DEBUG_INFO = INCLUDE_SOURCE;
				MTL_FAST_MATH = YES;
				ONLY_ACTIVE_ARCH = YES;
				SDKROOT = iphoneos;
				SWIFT_ACTIVE_COMPILATION_CONDITIONS = "DEBUG $(inherited)";
				SWIFT_OPTIMIZATION_LEVEL = "-O";
			};
			name = Debug;
		};
		167973D62BC804BA002FE4D9 /* Release */ = {
			isa = XCBuildConfiguration;
			buildSettings = {
				ALWAYS_SEARCH_USER_PATHS = NO;
				ASSETCATALOG_COMPILER_GENERATE_SWIFT_ASSET_SYMBOL_EXTENSIONS = YES;
				CLANG_ANALYZER_NONNULL = YES;
				CLANG_ANALYZER_NUMBER_OBJECT_CONVERSION = YES_AGGRESSIVE;
				CLANG_CXX_LANGUAGE_STANDARD = "gnu++20";
				CLANG_ENABLE_MODULES = YES;
				CLANG_ENABLE_OBJC_ARC = YES;
				CLANG_ENABLE_OBJC_WEAK = YES;
				CLANG_WARN_BLOCK_CAPTURE_AUTORELEASING = YES;
				CLANG_WARN_BOOL_CONVERSION = YES;
				CLANG_WARN_COMMA = YES;
				CLANG_WARN_CONSTANT_CONVERSION = YES;
				CLANG_WARN_DEPRECATED_OBJC_IMPLEMENTATIONS = YES;
				CLANG_WARN_DIRECT_OBJC_ISA_USAGE = YES_ERROR;
				CLANG_WARN_DOCUMENTATION_COMMENTS = YES;
				CLANG_WARN_EMPTY_BODY = YES;
				CLANG_WARN_ENUM_CONVERSION = YES;
				CLANG_WARN_INFINITE_RECURSION = YES;
				CLANG_WARN_INT_CONVERSION = YES;
				CLANG_WARN_NON_LITERAL_NULL_CONVERSION = YES;
				CLANG_WARN_OBJC_IMPLICIT_RETAIN_SELF = YES;
				CLANG_WARN_OBJC_LITERAL_CONVERSION = YES;
				CLANG_WARN_OBJC_ROOT_CLASS = YES_ERROR;
				CLANG_WARN_QUOTED_INCLUDE_IN_FRAMEWORK_HEADER = YES;
				CLANG_WARN_RANGE_LOOP_ANALYSIS = YES;
				CLANG_WARN_STRICT_PROTOTYPES = YES;
				CLANG_WARN_SUSPICIOUS_MOVE = YES;
				CLANG_WARN_UNGUARDED_AVAILABILITY = YES_AGGRESSIVE;
				CLANG_WARN_UNREACHABLE_CODE = YES;
				CLANG_WARN__DUPLICATE_METHOD_MATCH = YES;
				COPY_PHASE_STRIP = NO;
				DEBUG_INFORMATION_FORMAT = "dwarf-with-dsym";
				ENABLE_NS_ASSERTIONS = NO;
				ENABLE_STRICT_OBJC_MSGSEND = YES;
				ENABLE_USER_SCRIPT_SANDBOXING = YES;
				GCC_C_LANGUAGE_STANDARD = gnu17;
				GCC_NO_COMMON_BLOCKS = YES;
				GCC_WARN_64_TO_32_BIT_CONVERSION = YES;
				GCC_WARN_ABOUT_RETURN_TYPE = YES_ERROR;
				GCC_WARN_UNDECLARED_SELECTOR = YES;
				GCC_WARN_UNINITIALIZED_AUTOS = YES_AGGRESSIVE;
				GCC_WARN_UNUSED_FUNCTION = YES;
				GCC_WARN_UNUSED_VARIABLE = YES;
				IPHONEOS_DEPLOYMENT_TARGET = 17.2;
				LOCALIZATION_PREFERS_STRING_CATALOGS = YES;
				MTL_ENABLE_DEBUG_INFO = NO;
				MTL_FAST_MATH = YES;
				SDKROOT = iphoneos;
				SWIFT_COMPILATION_MODE = wholemodule;
				VALIDATE_PRODUCT = YES;
			};
			name = Release;
		};
		167973D82BC804BA002FE4D9 /* Debug */ = {
			isa = XCBuildConfiguration;
			buildSettings = {
				ASSETCATALOG_COMPILER_APPICON_NAME = AppIcon;
				ASSETCATALOG_COMPILER_GLOBAL_ACCENT_COLOR_NAME = AccentColor;
				CODE_SIGN_STYLE = Automatic;
				CURRENT_PROJECT_VERSION = 1;
				DEVELOPMENT_ASSET_PATHS = "\"RealmVsSwiftData/Preview Content\"";
				DEVELOPMENT_TEAM = 9H7GAWSLA8;
				ENABLE_PREVIEWS = YES;
				GCC_OPTIMIZATION_LEVEL = s;
				GENERATE_INFOPLIST_FILE = YES;
				INFOPLIST_KEY_UIApplicationSceneManifest_Generation = YES;
				INFOPLIST_KEY_UIApplicationSupportsIndirectInputEvents = YES;
				INFOPLIST_KEY_UILaunchScreen_Generation = YES;
				INFOPLIST_KEY_UISupportedInterfaceOrientations_iPad = "UIInterfaceOrientationPortrait UIInterfaceOrientationPortraitUpsideDown UIInterfaceOrientationLandscapeLeft UIInterfaceOrientationLandscapeRight";
				INFOPLIST_KEY_UISupportedInterfaceOrientations_iPhone = "UIInterfaceOrientationPortrait UIInterfaceOrientationLandscapeLeft UIInterfaceOrientationLandscapeRight";
				LD_RUNPATH_SEARCH_PATHS = (
					"$(inherited)",
					"@executable_path/Frameworks",
				);
				MARKETING_VERSION = 1.0;
				PRODUCT_BUNDLE_IDENTIFIER = com.jacob.RealmVsSwiftData;
				PRODUCT_NAME = "$(TARGET_NAME)";
				SWIFT_EMIT_LOC_STRINGS = YES;
				SWIFT_VERSION = 5.0;
				TARGETED_DEVICE_FAMILY = "1,2";
			};
			name = Debug;
		};
		167973D92BC804BA002FE4D9 /* Release */ = {
			isa = XCBuildConfiguration;
			buildSettings = {
				ASSETCATALOG_COMPILER_APPICON_NAME = AppIcon;
				ASSETCATALOG_COMPILER_GLOBAL_ACCENT_COLOR_NAME = AccentColor;
				CODE_SIGN_STYLE = Automatic;
				CURRENT_PROJECT_VERSION = 1;
				DEVELOPMENT_ASSET_PATHS = "\"RealmVsSwiftData/Preview Content\"";
				DEVELOPMENT_TEAM = 9H7GAWSLA8;
				ENABLE_PREVIEWS = YES;
				GENERATE_INFOPLIST_FILE = YES;
				INFOPLIST_KEY_UIApplicationSceneManifest_Generation = YES;
				INFOPLIST_KEY_UIApplicationSupportsIndirectInputEvents = YES;
				INFOPLIST_KEY_UILaunchScreen_Generation = YES;
				INFOPLIST_KEY_UISupportedInterfaceOrientations_iPad = "UIInterfaceOrientationPortrait UIInterfaceOrientationPortraitUpsideDown UIInterfaceOrientationLandscapeLeft UIInterfaceOrientationLandscapeRight";
				INFOPLIST_KEY_UISupportedInterfaceOrientations_iPhone = "UIInterfaceOrientationPortrait UIInterfaceOrientationLandscapeLeft UIInterfaceOrientationLandscapeRight";
				LD_RUNPATH_SEARCH_PATHS = (
					"$(inherited)",
					"@executable_path/Frameworks",
				);
				MARKETING_VERSION = 1.0;
				PRODUCT_BUNDLE_IDENTIFIER = com.jacob.RealmVsSwiftData;
				PRODUCT_NAME = "$(TARGET_NAME)";
				SWIFT_EMIT_LOC_STRINGS = YES;
				SWIFT_VERSION = 5.0;
				TARGETED_DEVICE_FAMILY = "1,2";
			};
			name = Release;
		};
/* End XCBuildConfiguration section */

/* Begin XCConfigurationList section */
		167973C22BC804B9002FE4D9 /* Build configuration list for PBXProject "RealmVsSwiftData" */ = {
			isa = XCConfigurationList;
			buildConfigurations = (
				167973D52BC804BA002FE4D9 /* Debug */,
				167973D62BC804BA002FE4D9 /* Release */,
			);
			defaultConfigurationIsVisible = 0;
			defaultConfigurationName = Release;
		};
		167973D72BC804BA002FE4D9 /* Build configuration list for PBXNativeTarget "RealmVsSwiftData" */ = {
			isa = XCConfigurationList;
			buildConfigurations = (
				167973D82BC804BA002FE4D9 /* Debug */,
				167973D92BC804BA002FE4D9 /* Release */,
			);
			defaultConfigurationIsVisible = 0;
			defaultConfigurationName = Release;
		};
/* End XCConfigurationList section */

/* Begin XCRemoteSwiftPackageReference section */
		167973DA2BC8057B002FE4D9 /* XCRemoteSwiftPackageReference "realm-swift" */ = {
			isa = XCRemoteSwiftPackageReference;
			repositoryURL = "https://github.com/realm/realm-swift";
			requirement = {
				branch = master;
				kind = branch;
			};
		};
		E82FB4E82C2C537B000E0FCC /* XCRemoteSwiftPackageReference "ManagedModels" */ = {
			isa = XCRemoteSwiftPackageReference;
			repositoryURL = "https://github.com/Data-swift/ManagedModels.git";
			requirement = {
				kind = upToNextMajorVersion;
				minimumVersion = 0.8.12;
			};
		};
/* End XCRemoteSwiftPackageReference section */

/* Begin XCSwiftPackageProductDependency section */
		167973DB2BC8057C002FE4D9 /* RealmSwift */ = {
			isa = XCSwiftPackageProductDependency;
			package = 167973DA2BC8057B002FE4D9 /* XCRemoteSwiftPackageReference "realm-swift" */;
			productName = RealmSwift;
		};
		E82FB4E92C2C537B000E0FCC /* ManagedModels */ = {
			isa = XCSwiftPackageProductDependency;
			package = E82FB4E82C2C537B000E0FCC /* XCRemoteSwiftPackageReference "ManagedModels" */;
			productName = ManagedModels;
		};
/* End XCSwiftPackageProductDependency section */
	};
	rootObject = 167973BF2BC804B9002FE4D9 /* Project object */;
}
